
Microsoft Visual Studio Solution File, Format Version 12.00
# Visual Studio Version 17
VisualStudioVersion = 17.6.33829.357
MinimumVisualStudioVersion = 10.0.40219.1
Project("{FAE04EC0-301F-11D3-BF4B-00C04F79EFBC}") = "StaffProj.Domain", "StaffProj.Domain\StaffProj.Domain.csproj", "{A8657B38-A0D1-432D-9DA4-42740E676795}"
EndProject
Project("{2150E333-8FDC-42A3-9474-1A3956D46DE8}") = "Data", "Data", "{ABB6050F-6DC3-4D19-9F5B-E63F3EC20B7F}"
EndProject
Project("{2150E333-8FDC-42A3-9474-1A3956D46DE8}") = "Domain", "Domain", "{74081B0D-2342-4CAA-8EF5-A344DF964760}"
EndProject
Project("{2150E333-8FDC-42A3-9474-1A3956D46DE8}") = "DAL", "DAL", "{A6653032-EFA0-4D37-A55B-AAC981D9BD3E}"
EndProject
Project("{2150E333-8FDC-42A3-9474-1A3956D46DE8}") = "BL", "BL", "{F5577E31-7696-4F8B-B835-7C95EBCC57C3}"
EndProject
Project("{2150E333-8FDC-42A3-9474-1A3956D46DE8}") = "WebApi", "WebApi", "{DA4C1EA2-EBC0-463E-921B-0C4E082F24FC}"
EndProject
Project("{FAE04EC0-301F-11D3-BF4B-00C04F79EFBC}") = "StaffProj.DAL", "StaffProj.DAL\StaffProj.DAL.csproj", "{E24CCD29-BB20-4EA8-88D2-A151B20FF376}"
EndProject
Project("{2150E333-8FDC-42A3-9474-1A3956D46DE8}") = "Helpers", "Helpers", "{BDFA9089-C89A-49AB-9D8C-6C757829CD76}"
EndProject
Project("{2150E333-8FDC-42A3-9474-1A3956D46DE8}") = "Validation", "Validation", "{401CCD6C-8032-4CCC-9859-C16509367D25}"
EndProject
Project("{FAE04EC0-301F-11D3-BF4B-00C04F79EFBC}") = "StaffProj.ValidationHelper", "StaffProj.ValidationHelper\StaffProj.ValidationHelper.csproj", "{293A553F-3423-4105-B1C5-E1673FDECF3C}"
EndProject
Project("{2150E333-8FDC-42A3-9474-1A3956D46DE8}") = "API", "API", "{7DF19CFC-1DF4-43D0-A8E2-7A5478C0790A}"
EndProject
Project("{2150E333-8FDC-42A3-9474-1A3956D46DE8}") = "Models", "Models", "{2EC6F2B9-28B6-462B-A466-ED2227E158D0}"
EndProject
Project("{FAE04EC0-301F-11D3-BF4B-00C04F79EFBC}") = "StaffProj.ApiModels", "StaffProj.ApiModels\StaffProj.ApiModels.csproj", "{16ADCDE9-2029-4F22-A83F-A634327C3848}"
EndProject
Project("{2150E333-8FDC-42A3-9474-1A3956D46DE8}") = "Tests", "Tests", "{28E2F93E-3318-413D-8FC3-B016FD126DBD}"
EndProject
Project("{FAE04EC0-301F-11D3-BF4B-00C04F79EFBC}") = "StaffProj.Services", "StaffProj.Services\StaffProj.Services.csproj", "{58310121-4360-414D-A3F9-63851EC3DF71}"
EndProject
Project("{FAE04EC0-301F-11D3-BF4B-00C04F79EFBC}") = "StaffProj.API", "StaffProj.API\StaffProj.API.csproj", "{5F7F2713-9011-4F00-9793-A63D7D580E9A}"
EndProject
Project("{FAE04EC0-301F-11D3-BF4B-00C04F79EFBC}") = "StaffProj.Tests", "StaffProj.Tests\StaffProj.Tests.csproj", "{130655B8-C70C-4F21-AB5D-BDCE0A0FF858}"
EndProject
Global
	GlobalSection(SolutionConfigurationPlatforms) = preSolution
		Debug|Any CPU = Debug|Any CPU
		Release|Any CPU = Release|Any CPU
	EndGlobalSection
	GlobalSection(ProjectConfigurationPlatforms) = postSolution
		{A8657B38-A0D1-432D-9DA4-42740E676795}.Debug|Any CPU.ActiveCfg = Debug|Any CPU
		{A8657B38-A0D1-432D-9DA4-42740E676795}.Debug|Any CPU.Build.0 = Debug|Any CPU
		{A8657B38-A0D1-432D-9DA4-42740E676795}.Release|Any CPU.ActiveCfg = Release|Any CPU
		{A8657B38-A0D1-432D-9DA4-42740E676795}.Release|Any CPU.Build.0 = Release|Any CPU
		{E24CCD29-BB20-4EA8-88D2-A151B20FF376}.Debug|Any CPU.ActiveCfg = Debug|Any CPU
		{E24CCD29-BB20-4EA8-88D2-A151B20FF376}.Debug|Any CPU.Build.0 = Debug|Any CPU
		{E24CCD29-BB20-4EA8-88D2-A151B20FF376}.Release|Any CPU.ActiveCfg = Release|Any CPU
		{E24CCD29-BB20-4EA8-88D2-A151B20FF376}.Release|Any CPU.Build.0 = Release|Any CPU
		{293A553F-3423-4105-B1C5-E1673FDECF3C}.Debug|Any CPU.ActiveCfg = Debug|Any CPU
		{293A553F-3423-4105-B1C5-E1673FDECF3C}.Debug|Any CPU.Build.0 = Debug|Any CPU
		{293A553F-3423-4105-B1C5-E1673FDECF3C}.Release|Any CPU.ActiveCfg = Release|Any CPU
		{293A553F-3423-4105-B1C5-E1673FDECF3C}.Release|Any CPU.Build.0 = Release|Any CPU
		{16ADCDE9-2029-4F22-A83F-A634327C3848}.Debug|Any CPU.ActiveCfg = Debug|Any CPU
		{16ADCDE9-2029-4F22-A83F-A634327C3848}.Debug|Any CPU.Build.0 = Debug|Any CPU
		{16ADCDE9-2029-4F22-A83F-A634327C3848}.Release|Any CPU.ActiveCfg = Release|Any CPU
		{16ADCDE9-2029-4F22-A83F-A634327C3848}.Release|Any CPU.Build.0 = Release|Any CPU
		{58310121-4360-414D-A3F9-63851EC3DF71}.Debug|Any CPU.ActiveCfg = Debug|Any CPU
		{58310121-4360-414D-A3F9-63851EC3DF71}.Debug|Any CPU.Build.0 = Debug|Any CPU
		{58310121-4360-414D-A3F9-63851EC3DF71}.Release|Any CPU.ActiveCfg = Release|Any CPU
		{58310121-4360-414D-A3F9-63851EC3DF71}.Release|Any CPU.Build.0 = Release|Any CPU
		{5F7F2713-9011-4F00-9793-A63D7D580E9A}.Debug|Any CPU.ActiveCfg = Debug|Any CPU
		{5F7F2713-9011-4F00-9793-A63D7D580E9A}.Debug|Any CPU.Build.0 = Debug|Any CPU
		{5F7F2713-9011-4F00-9793-A63D7D580E9A}.Release|Any CPU.ActiveCfg = Release|Any CPU
		{5F7F2713-9011-4F00-9793-A63D7D580E9A}.Release|Any CPU.Build.0 = Release|Any CPU
		{130655B8-C70C-4F21-AB5D-BDCE0A0FF858}.Debug|Any CPU.ActiveCfg = Debug|Any CPU
		{130655B8-C70C-4F21-AB5D-BDCE0A0FF858}.Debug|Any CPU.Build.0 = Debug|Any CPU
		{130655B8-C70C-4F21-AB5D-BDCE0A0FF858}.Release|Any CPU.ActiveCfg = Release|Any CPU
		{130655B8-C70C-4F21-AB5D-BDCE0A0FF858}.Release|Any CPU.Build.0 = Release|Any CPU
	EndGlobalSection
	GlobalSection(SolutionProperties) = preSolution
		HideSolutionNode = FALSE
	EndGlobalSection
	GlobalSection(NestedProjects) = preSolution
		{A8657B38-A0D1-432D-9DA4-42740E676795} = {74081B0D-2342-4CAA-8EF5-A344DF964760}
		{74081B0D-2342-4CAA-8EF5-A344DF964760} = {ABB6050F-6DC3-4D19-9F5B-E63F3EC20B7F}
		{A6653032-EFA0-4D37-A55B-AAC981D9BD3E} = {ABB6050F-6DC3-4D19-9F5B-E63F3EC20B7F}
		{F5577E31-7696-4F8B-B835-7C95EBCC57C3} = {ABB6050F-6DC3-4D19-9F5B-E63F3EC20B7F}
		{E24CCD29-BB20-4EA8-88D2-A151B20FF376} = {A6653032-EFA0-4D37-A55B-AAC981D9BD3E}
		{401CCD6C-8032-4CCC-9859-C16509367D25} = {BDFA9089-C89A-49AB-9D8C-6C757829CD76}
		{293A553F-3423-4105-B1C5-E1673FDECF3C} = {401CCD6C-8032-4CCC-9859-C16509367D25}
		{7DF19CFC-1DF4-43D0-A8E2-7A5478C0790A} = {DA4C1EA2-EBC0-463E-921B-0C4E082F24FC}
		{2EC6F2B9-28B6-462B-A466-ED2227E158D0} = {DA4C1EA2-EBC0-463E-921B-0C4E082F24FC}
		{16ADCDE9-2029-4F22-A83F-A634327C3848} = {2EC6F2B9-28B6-462B-A466-ED2227E158D0}
		{58310121-4360-414D-A3F9-63851EC3DF71} = {F5577E31-7696-4F8B-B835-7C95EBCC57C3}
		{5F7F2713-9011-4F00-9793-A63D7D580E9A} = {7DF19CFC-1DF4-43D0-A8E2-7A5478C0790A}
		{130655B8-C70C-4F21-AB5D-BDCE0A0FF858} = {28E2F93E-3318-413D-8FC3-B016FD126DBD}
	EndGlobalSection
	GlobalSection(ExtensibilityGlobals) = postSolution
		SolutionGuid = {6A5FC0DD-8BE0-462A-945B-C333939A3F77}
	EndGlobalSection
EndGlobal
